// !$*UTF8*$!
{
	archiveVersion = 1;
	classes = {
	};
	objectVersion = 46;
	objects = {

/* Begin PBXBuildFile section */
		66F2B5E7196F9E00007410A8 /* Foundation.framework in Frameworks */ = {isa = PBXBuildFile; fileRef = 66F2B5E6196F9E00007410A8 /* Foundation.framework */; };
		66F2B5E9196F9E00007410A8 /* CoreGraphics.framework in Frameworks */ = {isa = PBXBuildFile; fileRef = 66F2B5E8196F9E00007410A8 /* CoreGraphics.framework */; };
		66F2B5EB196F9E00007410A8 /* UIKit.framework in Frameworks */ = {isa = PBXBuildFile; fileRef = 66F2B5EA196F9E00007410A8 /* UIKit.framework */; };
		66F2B5F3196F9E00007410A8 /* main.m in Sources */ = {isa = PBXBuildFile; fileRef = 66F2B5F2196F9E00007410A8 /* main.m */; };
		66F2B5F7196F9E00007410A8 /* AppDelegate.m in Sources */ = {isa = PBXBuildFile; fileRef = 66F2B5F6196F9E00007410A8 /* AppDelegate.m */; };
		66F2B5FA196F9E00007410A8 /* Main.storyboard in Resources */ = {isa = PBXBuildFile; fileRef = 66F2B5F8196F9E00007410A8 /* Main.storyboard */; };
		66F2B5FF196F9E00007410A8 /* Images.xcassets in Resources */ = {isa = PBXBuildFile; fileRef = 66F2B5FE196F9E00007410A8 /* Images.xcassets */; };
		66F2B61D196FA27E007410A8 /* TransformsViewController.m in Sources */ = {isa = PBXBuildFile; fileRef = 66F2B61C196FA27E007410A8 /* TransformsViewController.m */; };
		66F2B61F196FAAF4007410A8 /* Questions.rtf in Resources */ = {isa = PBXBuildFile; fileRef = 66F2B61E196FAAF4007410A8 /* Questions.rtf */; };
		7DCAB33C19B6C1B100D133E9 /* UIColor+Theme.m in Sources */ = {isa = PBXBuildFile; fileRef = 7DCAB33B19B6C1B100D133E9 /* UIColor+Theme.m */; };
		7DCAB33F19B6C1C000D133E9 /* GradientView.m in Sources */ = {isa = PBXBuildFile; fileRef = 7DCAB33E19B6C1C000D133E9 /* GradientView.m */; };
/* End PBXBuildFile section */

/* Begin PBXFileReference section */
		66F2B5E3196F9E00007410A8 /* ConstraintsFightTransforms.app */ = {isa = PBXFileReference; explicitFileType = wrapper.application; includeInIndex = 0; path = ConstraintsFightTransforms.app; sourceTree = BUILT_PRODUCTS_DIR; };
		66F2B5E6196F9E00007410A8 /* Foundation.framework */ = {isa = PBXFileReference; lastKnownFileType = wrapper.framework; name = Foundation.framework; path = System/Library/Frameworks/Foundation.framework; sourceTree = SDKROOT; };
		66F2B5E8196F9E00007410A8 /* CoreGraphics.framework */ = {isa = PBXFileReference; lastKnownFileType = wrapper.framework; name = CoreGraphics.framework; path = System/Library/Frameworks/CoreGraphics.framework; sourceTree = SDKROOT; };
		66F2B5EA196F9E00007410A8 /* UIKit.framework */ = {isa = PBXFileReference; lastKnownFileType = wrapper.framework; name = UIKit.framework; path = System/Library/Frameworks/UIKit.framework; sourceTree = SDKROOT; };
		66F2B5EE196F9E00007410A8 /* ConstraintsFightTransforms-Info.plist */ = {isa = PBXFileReference; lastKnownFileType = text.plist.xml; path = "ConstraintsFightTransforms-Info.plist"; sourceTree = "<group>"; };
		66F2B5F2196F9E00007410A8 /* main.m */ = {isa = PBXFileReference; lastKnownFileType = sourcecode.c.objc; path = main.m; sourceTree = "<group>"; };
		66F2B5F4196F9E00007410A8 /* ConstraintsFightTransforms-Prefix.pch */ = {isa = PBXFileReference; lastKnownFileType = sourcecode.c.h; path = "ConstraintsFightTransforms-Prefix.pch"; sourceTree = "<group>"; };
		66F2B5F5196F9E00007410A8 /* AppDelegate.h */ = {isa = PBXFileReference; lastKnownFileType = sourcecode.c.h; path = AppDelegate.h; sourceTree = "<group>"; };
		66F2B5F6196F9E00007410A8 /* AppDelegate.m */ = {isa = PBXFileReference; lastKnownFileType = sourcecode.c.objc; path = AppDelegate.m; sourceTree = "<group>"; };
		66F2B5F9196F9E00007410A8 /* Base */ = {isa = PBXFileReference; lastKnownFileType = file.storyboard; name = Base; path = Base.lproj/Main.storyboard; sourceTree = "<group>"; };
		66F2B5FE196F9E00007410A8 /* Images.xcassets */ = {isa = PBXFileReference; lastKnownFileType = folder.assetcatalog; path = Images.xcassets; sourceTree = "<group>"; };
		66F2B61B196FA27E007410A8 /* TransformsViewController.h */ = {isa = PBXFileReference; fileEncoding = 4; lastKnownFileType = sourcecode.c.h; path = TransformsViewController.h; sourceTree = "<group>"; };
		66F2B61C196FA27E007410A8 /* TransformsViewController.m */ = {isa = PBXFileReference; fileEncoding = 4; lastKnownFileType = sourcecode.c.objc; path = TransformsViewController.m; sourceTree = "<group>"; };
		66F2B61E196FAAF4007410A8 /* Questions.rtf */ = {isa = PBXFileReference; fileEncoding = 4; lastKnownFileType = text.rtf; path = Questions.rtf; sourceTree = "<group>"; };
		7DCAB33A19B6C1B100D133E9 /* UIColor+Theme.h */ = {isa = PBXFileReference; fileEncoding = 4; lastKnownFileType = sourcecode.c.h; path = "UIColor+Theme.h"; sourceTree = "<group>"; };
		7DCAB33B19B6C1B100D133E9 /* UIColor+Theme.m */ = {isa = PBXFileReference; fileEncoding = 4; lastKnownFileType = sourcecode.c.objc; path = "UIColor+Theme.m"; sourceTree = "<group>"; };
		7DCAB33D19B6C1C000D133E9 /* GradientView.h */ = {isa = PBXFileReference; fileEncoding = 4; lastKnownFileType = sourcecode.c.h; path = GradientView.h; sourceTree = "<group>"; };
		7DCAB33E19B6C1C000D133E9 /* GradientView.m */ = {isa = PBXFileReference; fileEncoding = 4; lastKnownFileType = sourcecode.c.objc; path = GradientView.m; sourceTree = "<group>"; };
/* End PBXFileReference section */

/* Begin PBXFrameworksBuildPhase section */
		66F2B5E0196F9E00007410A8 /* Frameworks */ = {
			isa = PBXFrameworksBuildPhase;
			buildActionMask = 2147483647;
			files = (
				66F2B5E9196F9E00007410A8 /* CoreGraphics.framework in Frameworks */,
				66F2B5EB196F9E00007410A8 /* UIKit.framework in Frameworks */,
				66F2B5E7196F9E00007410A8 /* Foundation.framework in Frameworks */,
			);
			runOnlyForDeploymentPostprocessing = 0;
		};
/* End PBXFrameworksBuildPhase section */

/* Begin PBXGroup section */
		66F2B5DA196F9E00007410A8 = {
			isa = PBXGroup;
			children = (
				66F2B5EC196F9E00007410A8 /* ConstraintsFightTransforms */,
				66F2B5E5196F9E00007410A8 /* Frameworks */,
				66F2B5E4196F9E00007410A8 /* Products */,
			);
			sourceTree = "<group>";
		};
		66F2B5E4196F9E00007410A8 /* Products */ = {
			isa = PBXGroup;
			children = (
				66F2B5E3196F9E00007410A8 /* ConstraintsFightTransforms.app */,
			);
			name = Products;
			sourceTree = "<group>";
		};
		66F2B5E5196F9E00007410A8 /* Frameworks */ = {
			isa = PBXGroup;
			children = (
				66F2B5E6196F9E00007410A8 /* Foundation.framework */,
				66F2B5E8196F9E00007410A8 /* CoreGraphics.framework */,
				66F2B5EA196F9E00007410A8 /* UIKit.framework */,
			);
			name = Frameworks;
			sourceTree = "<group>";
		};
		66F2B5EC196F9E00007410A8 /* ConstraintsFightTransforms */ = {
			isa = PBXGroup;
			children = (
				66F2B5F5196F9E00007410A8 /* AppDelegate.h */,
				66F2B5F6196F9E00007410A8 /* AppDelegate.m */,
				66F2B61B196FA27E007410A8 /* TransformsViewController.h */,
				66F2B61C196FA27E007410A8 /* TransformsViewController.m */,
				7DCAB33D19B6C1C000D133E9 /* GradientView.h */,
				7DCAB33E19B6C1C000D133E9 /* GradientView.m */,
				7DCAB33A19B6C1B100D133E9 /* UIColor+Theme.h */,
				7DCAB33B19B6C1B100D133E9 /* UIColor+Theme.m */,
				66F2B5F8196F9E00007410A8 /* Main.storyboard */,
				66F2B5FE196F9E00007410A8 /* Images.xcassets */,
				66F2B5ED196F9E00007410A8 /* Supporting Files */,
				66F2B61E196FAAF4007410A8 /* Questions.rtf */,
			);
			path = ConstraintsFightTransforms;
			sourceTree = "<group>";
		};
		66F2B5ED196F9E00007410A8 /* Supporting Files */ = {
			isa = PBXGroup;
			children = (
				66F2B5EE196F9E00007410A8 /* ConstraintsFightTransforms-Info.plist */,
				66F2B5F2196F9E00007410A8 /* main.m */,
				66F2B5F4196F9E00007410A8 /* ConstraintsFightTransforms-Prefix.pch */,
			);
			name = "Supporting Files";
			sourceTree = "<group>";
		};
/* End PBXGroup section */

/* Begin PBXNativeTarget section */
		66F2B5E2196F9E00007410A8 /* ConstraintsFightTransforms */ = {
			isa = PBXNativeTarget;
			buildConfigurationList = 66F2B615196F9E00007410A8 /* Build configuration list for PBXNativeTarget "ConstraintsFightTransforms" */;
			buildPhases = (
				66F2B5DF196F9E00007410A8 /* Sources */,
				66F2B5E0196F9E00007410A8 /* Frameworks */,
				66F2B5E1196F9E00007410A8 /* Resources */,
			);
			buildRules = (
			);
			dependencies = (
			);
			name = ConstraintsFightTransforms;
			productName = ConstraintsFightTransforms;
			productReference = 66F2B5E3196F9E00007410A8 /* ConstraintsFightTransforms.app */;
			productType = "com.apple.product-type.application";
		};
/* End PBXNativeTarget section */

/* Begin PBXProject section */
		66F2B5DB196F9E00007410A8 /* Project object */ = {
			isa = PBXProject;
			attributes = {
				LastUpgradeCheck = 0510;
				ORGANIZATIONNAME = "Itty Bitty Apps";
			};
			buildConfigurationList = 66F2B5DE196F9E00007410A8 /* Build configuration list for PBXProject "ConstraintsFightTransforms" */;
			compatibilityVersion = "Xcode 3.2";
			developmentRegion = English;
			hasScannedForEncodings = 0;
			knownRegions = (
				en,
				Base,
			);
			mainGroup = 66F2B5DA196F9E00007410A8;
			productRefGroup = 66F2B5E4196F9E00007410A8 /* Products */;
			projectDirPath = "";
			projectRoot = "";
			targets = (
				66F2B5E2196F9E00007410A8 /* ConstraintsFightTransforms */,
			);
		};
/* End PBXProject section */

/* Begin PBXResourcesBuildPhase section */
		66F2B5E1196F9E00007410A8 /* Resources */ = {
			isa = PBXResourcesBuildPhase;
			buildActionMask = 2147483647;
			files = (
				66F2B5FF196F9E00007410A8 /* Images.xcassets in Resources */,
				66F2B61F196FAAF4007410A8 /* Questions.rtf in Resources */,
				66F2B5FA196F9E00007410A8 /* Main.storyboard in Resources */,
			);
			runOnlyForDeploymentPostprocessing = 0;
		};
/* End PBXResourcesBuildPhase section */

/* Begin PBXSourcesBuildPhase section */
		66F2B5DF196F9E00007410A8 /* Sources */ = {
			isa = PBXSourcesBuildPhase;
			buildActionMask = 2147483647;
			files = (
				7DCAB33F19B6C1C000D133E9 /* GradientView.m in Sources */,
				66F2B5F7196F9E00007410A8 /* AppDelegate.m in Sources */,
				7DCAB33C19B6C1B100D133E9 /* UIColor+Theme.m in Sources */,
				66F2B5F3196F9E00007410A8 /* main.m in Sources */,
				66F2B61D196FA27E007410A8 /* TransformsViewController.m in Sources */,
			);
			runOnlyForDeploymentPostprocessing = 0;
		};
/* End PBXSourcesBuildPhase section */

/* Begin PBXVariantGroup section */
		66F2B5F8196F9E00007410A8 /* Main.storyboard */ = {
			isa = PBXVariantGroup;
			children = (
				66F2B5F9196F9E00007410A8 /* Base */,
			);
			name = Main.storyboard;
			sourceTree = "<group>";
		};
/* End PBXVariantGroup section */

/* Begin XCBuildConfiguration section */
		66F2B613196F9E00007410A8 /* Debug */ = {
			isa = XCBuildConfiguration;
			buildSettings = {
				ALWAYS_SEARCH_USER_PATHS = NO;
				CLANG_CXX_LANGUAGE_STANDARD = "gnu++0x";
				CLANG_CXX_LIBRARY = "libc++";
				CLANG_ENABLE_MODULES = YES;
				CLANG_ENABLE_OBJC_ARC = YES;
				CLANG_WARN_BOOL_CONVERSION = YES;
				CLANG_WARN_CONSTANT_CONVERSION = YES;
				CLANG_WARN_DIRECT_OBJC_ISA_USAGE = YES_ERROR;
				CLANG_WARN_EMPTY_BODY = YES;
				CLANG_WARN_ENUM_CONVERSION = YES;
				CLANG_WARN_INT_CONVERSION = YES;
				CLANG_WARN_OBJC_EXPLICIT_OWNERSHIP_TYPE = YES;
				CLANG_WARN_OBJC_IMPLICIT_ATOMIC_PROPERTIES = YES;
				CLANG_WARN_OBJC_IMPLICIT_RETAIN_SELF = YES;
				CLANG_WARN_OBJC_ROOT_CLASS = YES_ERROR;
				CLANG_WARN__DUPLICATE_METHOD_MATCH = YES;
				"CODE_SIGN_IDENTITY[sdk=iphoneos*]" = "iPhone Developer";
				COPY_PHASE_STRIP = NO;
				GCC_C_LANGUAGE_STANDARD = gnu99;
				GCC_DYNAMIC_NO_PIC = NO;
				GCC_OPTIMIZATION_LEVEL = 0;
				GCC_PREPROCESSOR_DEFINITIONS = (
					"DEBUG=1",
					"$(inherited)",
				);
				GCC_SYMBOLS_PRIVATE_EXTERN = NO;
				GCC_WARN_64_TO_32_BIT_CONVERSION = YES;
				GCC_WARN_ABOUT_MISSING_NEWLINE = YES;
				GCC_WARN_ABOUT_RETURN_TYPE = YES_ERROR;
				GCC_WARN_SHADOW = YES;
				GCC_WARN_UNDECLARED_SELECTOR = YES;
				GCC_WARN_UNINITIALIZED_AUTOS = YES_AGGRESSIVE;
				GCC_WARN_UNUSED_FUNCTION = YES;
				GCC_WARN_UNUSED_VARIABLE = YES;
				IPHONEOS_DEPLOYMENT_TARGET = 7.0;
				ONLY_ACTIVE_ARCH = YES;
				SDKROOT = iphoneos;
			};
			name = Debug;
		};
		66F2B614196F9E00007410A8 /* Release */ = {
			isa = XCBuildConfiguration;
			buildSettings = {
				ALWAYS_SEARCH_USER_PATHS = NO;
				CLANG_CXX_LANGUAGE_STANDARD = "gnu++0x";
				CLANG_CXX_LIBRARY = "libc++";
				CLANG_ENABLE_MODULES = YES;
				CLANG_ENABLE_OBJC_ARC = YES;
				CLANG_WARN_BOOL_CONVERSION = YES;
				CLANG_WARN_CONSTANT_CONVERSION = YES;
				CLANG_WARN_DIRECT_OBJC_ISA_USAGE = YES_ERROR;
				CLANG_WARN_EMPTY_BODY = YES;
				CLANG_WARN_ENUM_CONVERSION = YES;
				CLANG_WARN_INT_CONVERSION = YES;
				CLANG_WARN_OBJC_EXPLICIT_OWNERSHIP_TYPE = YES;
				CLANG_WARN_OBJC_IMPLICIT_ATOMIC_PROPERTIES = YES;
				CLANG_WARN_OBJC_IMPLICIT_RETAIN_SELF = YES;
				CLANG_WARN_OBJC_ROOT_CLASS = YES_ERROR;
				CLANG_WARN__DUPLICATE_METHOD_MATCH = YES;
				"CODE_SIGN_IDENTITY[sdk=iphoneos*]" = "iPhone Developer";
				COPY_PHASE_STRIP = YES;
				ENABLE_NS_ASSERTIONS = NO;
				GCC_C_LANGUAGE_STANDARD = gnu99;
				GCC_WARN_64_TO_32_BIT_CONVERSION = YES;
				GCC_WARN_ABOUT_MISSING_NEWLINE = YES;
				GCC_WARN_ABOUT_RETURN_TYPE = YES_ERROR;
				GCC_WARN_SHADOW = YES;
				GCC_WARN_UNDECLARED_SELECTOR = YES;
				GCC_WARN_UNINITIALIZED_AUTOS = YES_AGGRESSIVE;
				GCC_WARN_UNUSED_FUNCTION = YES;
				GCC_WARN_UNUSED_VARIABLE = YES;
				IPHONEOS_DEPLOYMENT_TARGET = 7.0;
				SDKROOT = iphoneos;
				VALIDATE_PRODUCT = YES;
			};
			name = Release;
		};
		66F2B616196F9E00007410A8 /* Debug */ = {
			isa = XCBuildConfiguration;
			buildSettings = {
				ASSETCATALOG_COMPILER_APPICON_NAME = AppIcon;
				ASSETCATALOG_COMPILER_LAUNCHIMAGE_NAME = LaunchImage;
				GCC_PRECOMPILE_PREFIX_HEADER = YES;
				GCC_PREFIX_HEADER = "ConstraintsFightTransforms/ConstraintsFightTransforms-Prefix.pch";
				INFOPLIST_FILE = "ConstraintsFightTransforms/ConstraintsFightTransforms-Info.plist";
				IPHONEOS_DEPLOYMENT_TARGET = 7.0;
				PRODUCT_NAME = "$(TARGET_NAME)";
				WRAPPER_EXTENSION = app;
			};
			name = Debug;
		};
		66F2B617196F9E00007410A8 /* Release */ = {
			isa = XCBuildConfiguration;
			buildSettings = {
				ASSETCATALOG_COMPILER_APPICON_NAME = AppIcon;
				ASSETCATALOG_COMPILER_LAUNCHIMAGE_NAME = LaunchImage;
				GCC_PRECOMPILE_PREFIX_HEADER = YES;
				GCC_PREFIX_HEADER = "ConstraintsFightTransforms/ConstraintsFightTransforms-Prefix.pch";
				INFOPLIST_FILE = "ConstraintsFightTransforms/ConstraintsFightTransforms-Info.plist";
				IPHONEOS_DEPLOYMENT_TARGET = 7.0;
				PRODUCT_NAME = "$(TARGET_NAME)";
				WRAPPER_EXTENSION = app;
			};
			name = Release;
		};
/* End XCBuildConfiguration section */

/* Begin XCConfigurationList section */
		66F2B5DE196F9E00007410A8 /* Build configuration list for PBXProject "ConstraintsFightTransforms" */ = {
			isa = XCConfigurationList;
			buildConfigurations = (
				66F2B613196F9E00007410A8 /* Debug */,
				66F2B614196F9E00007410A8 /* Release */,
			);
			defaultConfigurationIsVisible = 0;
			defaultConfigurationName = Release;
		};
		66F2B615196F9E00007410A8 /* Build configuration list for PBXNativeTarget "ConstraintsFightTransforms" */ = {
			isa = XCConfigurationList;
			buildConfigurations = (
				66F2B616196F9E00007410A8 /* Debug */,
				66F2B617196F9E00007410A8 /* Release */,
			);
			defaultConfigurationIsVisible = 0;
			defaultConfigurationName = Release;
		};
/* End XCConfigurationList section */
	};
	rootObject = 66F2B5DB196F9E00007410A8 /* Project object */;
}
